
Microsoft Visual Studio Solution File, Format Version 12.00
# Visual Studio Version 17
VisualStudioVersion = 17.0.32112.339
MinimumVisualStudioVersion = 10.0.40219.1
Project("{FAE04EC0-301F-11D3-BF4B-00C04F79EFBC}") = "FrquenciaDeNumeros.ConsoleApp", "FrquenciaDeNumeros.ConsoleApp\FrquenciaDeNumeros.ConsoleApp.csproj", "{A2460EF3-4980-470E-9170-59D40AACF306}"
EndProject
Global
	GlobalSection(SolutionConfigurationPlatforms) = preSolution
		Debug|Any CPU = Debug|Any CPU
		Release|Any CPU = Release|Any CPU
	EndGlobalSection
	GlobalSection(ProjectConfigurationPlatforms) = postSolution
		{A2460EF3-4980-470E-9170-59D40AACF306}.Debug|Any CPU.ActiveCfg = Debug|Any CPU
		{A2460EF3-4980-470E-9170-59D40AACF306}.Debug|Any CPU.Build.0 = Debug|Any CPU
		{A2460EF3-4980-470E-9170-59D40AACF306}.Release|Any CPU.ActiveCfg = Release|Any CPU
		{A2460EF3-4980-470E-9170-59D40AACF306}.Release|Any CPU.Build.0 = Release|Any CPU
	EndGlobalSection
	GlobalSection(SolutionProperties) = preSolution
		HideSolutionNode = FALSE
	EndGlobalSection
	GlobalSection(ExtensibilityGlobals) = postSolution
		SolutionGuid = {6C3F235F-F8F8-43D4-972F-4E4693B53BA5}
	EndGlobalSection
EndGlobal
